<?xml version="1.0" encoding="utf-8"?>
<Project ToolsVersion="4.0" xmlns="http://schemas.microsoft.com/developer/msbuild/2003">
  <ItemGroup>
    <Filter Include="Daybreak">
      <UniqueIdentifier>{28AE6E89-147B-C994-3D94-B73C29C0FE22}</UniqueIdentifier>
    </Filter>
    <Filter Include="Daybreak\Core">
      <UniqueIdentifier>{80EB92E0-ECAB-0E17-B5E6-5794216653F3}</UniqueIdentifier>
    </Filter>
    <Filter Include="Daybreak\Events">
      <UniqueIdentifier>{0CDD1D56-7868-8B1A-8179-0E0FED83E71A}</UniqueIdentifier>
    </Filter>
    <Filter Include="Daybreak\ImGui">
      <UniqueIdentifier>{52215BF3-3EEF-4EF9-2783-BF1F13F02A5E}</UniqueIdentifier>
    </Filter>
    <Filter Include="Daybreak\Renderer">
      <UniqueIdentifier>{CE5E044C-3A75-02E2-83EC-8D03EF41D369}</UniqueIdentifier>
    </Filter>
    <Filter Include="Platform">
      <UniqueIdentifier>{2AC788B4-1694-E3BF-3FAD-D1672BD9184E}</UniqueIdentifier>
    </Filter>
    <Filter Include="Platform\OpenGL">
      <UniqueIdentifier>{1E7D2C1D-8A08-9AE1-9319-1DD6FF23F6E1}</UniqueIdentifier>
    </Filter>
    <Filter Include="Platform\Windows">
      <UniqueIdentifier>{64FBD71A-50F4-F66C-7926-DCF1657ED678}</UniqueIdentifier>
    </Filter>
  </ItemGroup>
  <ItemGroup>
    <ClInclude Include="src\Daybreak.h" />
    <ClInclude Include="src\Daybreak\Core\Application.h">
      <Filter>Daybreak\Core</Filter>
    </ClInclude>
    <ClInclude Include="src\Daybreak\Core\Base.h">
      <Filter>Daybreak\Core</Filter>
    </ClInclude>
    <ClInclude Include="src\Daybreak\Core\EntryPoint.h">
      <Filter>Daybreak\Core</Filter>
    </ClInclude>
    <ClInclude Include="src\Daybreak\Core\Input.h">
      <Filter>Daybreak\Core</Filter>
    </ClInclude>
    <ClInclude Include="src\Daybreak\Core\KeyCodes.h">
      <Filter>Daybreak\Core</Filter>
    </ClInclude>
    <ClInclude Include="src\Daybreak\Core\Layer.h">
      <Filter>Daybreak\Core</Filter>
    </ClInclude>
    <ClInclude Include="src\Daybreak\Core\LayerStack.h">
      <Filter>Daybreak\Core</Filter>
    </ClInclude>
    <ClInclude Include="src\Daybreak\Core\Log.h">
      <Filter>Daybreak\Core</Filter>
    </ClInclude>
    <ClInclude Include="src\Daybreak\Core\MouseCodes.h">
      <Filter>Daybreak\Core</Filter>
    </ClInclude>
    <ClInclude Include="src\Daybreak\Core\Window.h">
      <Filter>Daybreak\Core</Filter>
    </ClInclude>
    <ClInclude Include="src\Daybreak\Events\ApplicationEvent.h">
      <Filter>Daybreak\Events</Filter>
    </ClInclude>
    <ClInclude Include="src\Daybreak\Events\Event.h">
      <Filter>Daybreak\Events</Filter>
    </ClInclude>
    <ClInclude Include="src\Daybreak\Events\KeyEvent.h">
      <Filter>Daybreak\Events</Filter>
    </ClInclude>
    <ClInclude Include="src\Daybreak\Events\MouseEvent.h">
      <Filter>Daybreak\Events</Filter>
    </ClInclude>
    <ClInclude Include="src\Daybreak\ImGui\ImGuiLayer.h">
      <Filter>Daybreak\ImGui</Filter>
    </ClInclude>
    <ClInclude Include="src\Daybreak\Renderer\Buffer.h">
      <Filter>Daybreak\Renderer</Filter>
    </ClInclude>
    <ClInclude Include="src\Daybreak\Renderer\Camera.h">
      <Filter>Daybreak\Renderer</Filter>
    </ClInclude>
    <ClInclude Include="src\Daybreak\Renderer\RenderAPI.h">
      <Filter>Daybreak\Renderer</Filter>
    </ClInclude>
    <ClInclude Include="src\Daybreak\Renderer\RenderCommand.h">
      <Filter>Daybreak\Renderer</Filter>
    </ClInclude>
    <ClInclude Include="src\Daybreak\Renderer\Renderer.h">
      <Filter>Daybreak\Renderer</Filter>
    </ClInclude>
    <ClInclude Include="src\Daybreak\Renderer\Shader.h">
      <Filter>Daybreak\Renderer</Filter>
    </ClInclude>
    <ClInclude Include="src\Daybreak\Renderer\Texture.h">
      <Filter>Daybreak\Renderer</Filter>
    </ClInclude>
    <ClInclude Include="src\Daybreak\Renderer\VertexArray.h">
      <Filter>Daybreak\Renderer</Filter>
    </ClInclude>
    <ClInclude Include="src\Platform\OpenGL\OpenGLBuffer.h">
      <Filter>Platform\OpenGL</Filter>
    </ClInclude>
    <ClInclude Include="src\Platform\OpenGL\OpenGLRenderAPI.h">
      <Filter>Platform\OpenGL</Filter>
    </ClInclude>
    <ClInclude Include="src\Platform\OpenGL\OpenGLShader.h">
      <Filter>Platform\OpenGL</Filter>
    </ClInclude>
    <ClInclude Include="src\Platform\OpenGL\OpenGLTexture.h">
      <Filter>Platform\OpenGL</Filter>
    </ClInclude>
    <ClInclude Include="src\Platform\OpenGL\OpenGLVertexArray.h">
      <Filter>Platform\OpenGL</Filter>
    </ClInclude>
    <ClInclude Include="src\Platform\Windows\WindowsWindow.h">
      <Filter>Platform\Windows</Filter>
    </ClInclude>
    <ClInclude Include="src\dbpch.h" />
    <ClInclude Include="vendor\entt\include\entt.hpp" />
    <ClInclude Include="vendor\stb_image\stb_image.h" />
    <ClInclude Include="src\Daybreak\Math\GlmToString.h" />
    <ClInclude Include="src\Daybreak\Core\DeltaTime.h" />
  </ItemGroup>
  <ItemGroup>
    <ClCompile Include="src\Daybreak\Core\Application.cpp">
      <Filter>Daybreak\Core</Filter>
    </ClCompile>
    <ClCompile Include="src\Daybreak\Core\Layer.cpp">
      <Filter>Daybreak\Core</Filter>
    </ClCompile>
    <ClCompile Include="src\Daybreak\Core\LayerStack.cpp">
      <Filter>Daybreak\Core</Filter>
    </ClCompile>
    <ClCompile Include="src\Daybreak\Core\Log.cpp">
      <Filter>Daybreak\Core</Filter>
    </ClCompile>
    <ClCompile Include="src\Daybreak\Core\Window.cpp">
      <Filter>Daybreak\Core</Filter>
    </ClCompile>
    <ClCompile Include="src\Daybreak\ImGui\ImGuiBuild.cpp">
      <Filter>Daybreak\ImGui</Filter>
    </ClCompile>
    <ClCompile Include="src\Daybreak\ImGui\ImGuiLayer.cpp">
      <Filter>Daybreak\ImGui</Filter>
    </ClCompile>
    <ClCompile Include="src\Daybreak\Renderer\Buffer.cpp">
      <Filter>Daybreak\Renderer</Filter>
    </ClCompile>
    <ClCompile Include="src\Daybreak\Renderer\RenderAPI.cpp">
      <Filter>Daybreak\Renderer</Filter>
    </ClCompile>
    <ClCompile Include="src\Daybreak\Renderer\RenderCommand.cpp">
      <Filter>Daybreak\Renderer</Filter>
    </ClCompile>
    <ClCompile Include="src\Daybreak\Renderer\Renderer.cpp">
      <Filter>Daybreak\Renderer</Filter>
    </ClCompile>
    <ClCompile Include="src\Daybreak\Renderer\Shader.cpp">
      <Filter>Daybreak\Renderer</Filter>
    </ClCompile>
    <ClCompile Include="src\Daybreak\Renderer\Texture.cpp">
      <Filter>Daybreak\Renderer</Filter>
    </ClCompile>
    <ClCompile Include="src\Daybreak\Renderer\VertexArray.cpp">
      <Filter>Daybreak\Renderer</Filter>
    </ClCompile>
    <ClCompile Include="src\Platform\OpenGL\OpenGLBuffer.cpp">
      <Filter>Platform\OpenGL</Filter>
    </ClCompile>
    <ClCompile Include="src\Platform\OpenGL\OpenGLRenderAPI.cpp">
      <Filter>Platform\OpenGL</Filter>
    </ClCompile>
    <ClCompile Include="src\Platform\OpenGL\OpenGLShader.cpp">
      <Filter>Platform\OpenGL</Filter>
    </ClCompile>
    <ClCompile Include="src\Platform\OpenGL\OpenGLTexture.cpp">
      <Filter>Platform\OpenGL</Filter>
    </ClCompile>
    <ClCompile Include="src\Platform\OpenGL\OpenGLVertexArray.cpp">
      <Filter>Platform\OpenGL</Filter>
    </ClCompile>
    <ClCompile Include="src\Platform\Windows\WindowsInput.cpp">
      <Filter>Platform\Windows</Filter>
    </ClCompile>
    <ClCompile Include="src\Platform\Windows\WindowsWindow.cpp">
      <Filter>Platform\Windows</Filter>
    </ClCompile>
    <ClCompile Include="src\dbpch.cpp" />
    <ClCompile Include="vendor\stb_image\stb_image.cpp" />
  </ItemGroup>
</Project>